# This file is automatically @generated by Cargo.
# It is not intended for manual editing.
version = 4

[[package]]
name = "humaux-adapters"
version = "0.1.0"

[[package]]
name = "humaux-admin"
version = "0.1.0"

[[package]]
name = "humaux-application"
version = "0.1.0"

[[package]]
name = "humaux-consolidation-worker"
version = "0.1.0"

[[package]]
name = "humaux-contracts"
version = "0.1.0"

[[package]]
name = "humaux-domain"
version = "0.1.0"

[[package]]
name = "humaux-gateway"
version = "0.1.0"

[[package]]
name = "humaux-infra-egress"
version = "0.1.0"

[[package]]
name = "humaux-maintenance"
version = "0.1.0"

[[package]]
name = "humaux-private-worker"
version = "0.1.0"

[[package]]
name = "humaux-projection"
version = "0.1.0"

[[package]]
name = "humaux-protocol"
version = "0.1.0"

[[package]]
name = "humaux-public-worker"
version = "0.1.0"

[[package]]
name = "humaux-retrieval"
version = "0.1.0"

[[package]]
name = "humaux-retrieval-provider"
version = "0.1.0"

[[package]]
name = "humaux-retrieval-worker"
version = "0.1.0"

[[package]]
name = "humaux-telemetry"
version = "0.1.0"

[[package]]
name = "humaux-testkit"
version = "0.1.0"

[[package]]
name = "humaux-worker"
version = "0.1.0"

[[package]]
name = "xtask"
version = "0.1.0"
